// !$*UTF8*$!
{
	archiveVersion = 1;
	classes = {
	};
	objectVersion = 55;
	objects = {

/* Begin PBXBuildFile section */
		2B4620F52B072FF30042F5BD /* AppDelegate.swift in Sources */ = {isa = PBXBuildFile; fileRef = 2B4620F42B072FF30042F5BD /* AppDelegate.swift */; };
		2B4620F72B072FF30042F5BD /* SceneDelegate.swift in Sources */ = {isa = PBXBuildFile; fileRef = 2B4620F62B072FF30042F5BD /* SceneDelegate.swift */; };
		2B4620FF2B072FF30042F5BD /* MediCounter.xcdatamodeld in Sources */ = {isa = PBXBuildFile; fileRef = 2B4620FD2B072FF30042F5BD /* MediCounter.xcdatamodeld */; };
		2B4621012B072FFD0042F5BD /* Assets.xcassets in Resources */ = {isa = PBXBuildFile; fileRef = 2B4621002B072FFD0042F5BD /* Assets.xcassets */; };
		2B4621042B072FFD0042F5BD /* LaunchScreen.storyboard in Resources */ = {isa = PBXBuildFile; fileRef = 2B4621022B072FFD0042F5BD /* LaunchScreen.storyboard */; };
		2B6B80D82B07376500240B06 /* RegisterViewController.swift in Sources */ = {isa = PBXBuildFile; fileRef = 2B6B80D62B07376500240B06 /* RegisterViewController.swift */; };
		2B6B80D92B07376500240B06 /* RegisterViewController.xib in Resources */ = {isa = PBXBuildFile; fileRef = 2B6B80D72B07376500240B06 /* RegisterViewController.xib */; };
		2B6B80DC2B07381E00240B06 /* RegisterCell.swift in Sources */ = {isa = PBXBuildFile; fileRef = 2B6B80DA2B07381E00240B06 /* RegisterCell.swift */; };
		2B6B80DD2B07381E00240B06 /* RegisterCell.xib in Resources */ = {isa = PBXBuildFile; fileRef = 2B6B80DB2B07381E00240B06 /* RegisterCell.xib */; };
		2B6B80E42B073B1900240B06 /* FormRegisterViewController.swift in Sources */ = {isa = PBXBuildFile; fileRef = 2B6B80E22B073B1900240B06 /* FormRegisterViewController.swift */; };
		2B6B80E52B073B1900240B06 /* FormRegisterViewController.xib in Resources */ = {isa = PBXBuildFile; fileRef = 2B6B80E32B073B1900240B06 /* FormRegisterViewController.xib */; };
		2B6B80E92B07481F00240B06 /* TabBarController.swift in Sources */ = {isa = PBXBuildFile; fileRef = 2B6B80E72B07481F00240B06 /* TabBarController.swift */; };
		2B6B80EA2B07481F00240B06 /* Main.storyboard in Resources */ = {isa = PBXBuildFile; fileRef = 2B6B80E82B07481F00240B06 /* Main.storyboard */; };
/* End PBXBuildFile section */

/* Begin PBXFileReference section */
		2B4620F12B072FF30042F5BD /* MediCounter.app */ = {isa = PBXFileReference; explicitFileType = wrapper.application; includeInIndex = 0; path = MediCounter.app; sourceTree = BUILT_PRODUCTS_DIR; };
		2B4620F42B072FF30042F5BD /* AppDelegate.swift */ = {isa = PBXFileReference; lastKnownFileType = sourcecode.swift; path = AppDelegate.swift; sourceTree = "<group>"; };
		2B4620F62B072FF30042F5BD /* SceneDelegate.swift */ = {isa = PBXFileReference; lastKnownFileType = sourcecode.swift; path = SceneDelegate.swift; sourceTree = "<group>"; };
		2B4620FE2B072FF30042F5BD /* MediCounter.xcdatamodel */ = {isa = PBXFileReference; lastKnownFileType = wrapper.xcdatamodel; path = MediCounter.xcdatamodel; sourceTree = "<group>"; };
		2B4621002B072FFD0042F5BD /* Assets.xcassets */ = {isa = PBXFileReference; lastKnownFileType = folder.assetcatalog; path = Assets.xcassets; sourceTree = "<group>"; };
		2B4621032B072FFD0042F5BD /* Base */ = {isa = PBXFileReference; lastKnownFileType = file.storyboard; name = Base; path = Base.lproj/LaunchScreen.storyboard; sourceTree = "<group>"; };
		2B4621052B072FFD0042F5BD /* Info.plist */ = {isa = PBXFileReference; lastKnownFileType = text.plist.xml; path = Info.plist; sourceTree = "<group>"; };
		2B6B80D62B07376500240B06 /* RegisterViewController.swift */ = {isa = PBXFileReference; lastKnownFileType = sourcecode.swift; path = RegisterViewController.swift; sourceTree = "<group>"; };
		2B6B80D72B07376500240B06 /* RegisterViewController.xib */ = {isa = PBXFileReference; lastKnownFileType = file.xib; path = RegisterViewController.xib; sourceTree = "<group>"; };
		2B6B80DA2B07381E00240B06 /* RegisterCell.swift */ = {isa = PBXFileReference; lastKnownFileType = sourcecode.swift; path = RegisterCell.swift; sourceTree = "<group>"; };
		2B6B80DB2B07381E00240B06 /* RegisterCell.xib */ = {isa = PBXFileReference; lastKnownFileType = file.xib; path = RegisterCell.xib; sourceTree = "<group>"; };
		2B6B80E22B073B1900240B06 /* FormRegisterViewController.swift */ = {isa = PBXFileReference; lastKnownFileType = sourcecode.swift; path = FormRegisterViewController.swift; sourceTree = "<group>"; };
		2B6B80E32B073B1900240B06 /* FormRegisterViewController.xib */ = {isa = PBXFileReference; lastKnownFileType = file.xib; path = FormRegisterViewController.xib; sourceTree = "<group>"; };
		2B6B80E72B07481F00240B06 /* TabBarController.swift */ = {isa = PBXFileReference; fileEncoding = 4; lastKnownFileType = sourcecode.swift; path = TabBarController.swift; sourceTree = "<group>"; };
		2B6B80E82B07481F00240B06 /* Main.storyboard */ = {isa = PBXFileReference; fileEncoding = 4; lastKnownFileType = file.storyboard; path = Main.storyboard; sourceTree = "<group>"; };
/* End PBXFileReference section */

/* Begin PBXFrameworksBuildPhase section */
		2B4620EE2B072FF30042F5BD /* Frameworks */ = {
			isa = PBXFrameworksBuildPhase;
			buildActionMask = 2147483647;
			files = (
			);
			runOnlyForDeploymentPostprocessing = 0;
		};
/* End PBXFrameworksBuildPhase section */

/* Begin PBXGroup section */
		2B4620E82B072FF30042F5BD = {
			isa = PBXGroup;
			children = (
				2B4620F32B072FF30042F5BD /* MediCounter */,
				2B4620F22B072FF30042F5BD /* Products */,
			);
			sourceTree = "<group>";
		};
		2B4620F22B072FF30042F5BD /* Products */ = {
			isa = PBXGroup;
			children = (
				2B4620F12B072FF30042F5BD /* MediCounter.app */,
			);
			name = Products;
			sourceTree = "<group>";
		};
		2B4620F32B072FF30042F5BD /* MediCounter */ = {
			isa = PBXGroup;
			children = (
				2B4620F42B072FF30042F5BD /* AppDelegate.swift */,
				2B4620F62B072FF30042F5BD /* SceneDelegate.swift */,
				2B6B80E82B07481F00240B06 /* Main.storyboard */,
				2B6B80E72B07481F00240B06 /* TabBarController.swift */,
				2B6B80D52B07374800240B06 /* Register */,
				2B4621002B072FFD0042F5BD /* Assets.xcassets */,
				2B4621022B072FFD0042F5BD /* LaunchScreen.storyboard */,
				2B4621052B072FFD0042F5BD /* Info.plist */,
				2B4620FD2B072FF30042F5BD /* MediCounter.xcdatamodeld */,
			);
			path = MediCounter;
			sourceTree = "<group>";
		};
		2B6B80D52B07374800240B06 /* Register */ = {
			isa = PBXGroup;
			children = (
				2B6B80D62B07376500240B06 /* RegisterViewController.swift */,
				2B6B80D72B07376500240B06 /* RegisterViewController.xib */,
				2B6B80DA2B07381E00240B06 /* RegisterCell.swift */,
				2B6B80DB2B07381E00240B06 /* RegisterCell.xib */,
				2B6B80E22B073B1900240B06 /* FormRegisterViewController.swift */,
				2B6B80E32B073B1900240B06 /* FormRegisterViewController.xib */,
			);
			path = Register;
			sourceTree = "<group>";
		};
/* End PBXGroup section */

/* Begin PBXNativeTarget section */
		2B4620F02B072FF30042F5BD /* MediCounter */ = {
			isa = PBXNativeTarget;
			buildConfigurationList = 2B4621082B072FFD0042F5BD /* Build configuration list for PBXNativeTarget "MediCounter" */;
			buildPhases = (
				2B4620ED2B072FF30042F5BD /* Sources */,
				2B4620EE2B072FF30042F5BD /* Frameworks */,
				2B4620EF2B072FF30042F5BD /* Resources */,
			);
			buildRules = (
			);
			dependencies = (
			);
			name = MediCounter;
			productName = MediCounter;
			productReference = 2B4620F12B072FF30042F5BD /* MediCounter.app */;
			productType = "com.apple.product-type.application";
		};
/* End PBXNativeTarget section */

/* Begin PBXProject section */
		2B4620E92B072FF30042F5BD /* Project object */ = {
			isa = PBXProject;
			attributes = {
				BuildIndependentTargetsInParallel = 1;
				LastSwiftUpdateCheck = 1320;
				LastUpgradeCheck = 1320;
				TargetAttributes = {
					2B4620F02B072FF30042F5BD = {
						CreatedOnToolsVersion = 13.2.1;
					};
				};
			};
			buildConfigurationList = 2B4620EC2B072FF30042F5BD /* Build configuration list for PBXProject "MediCounter" */;
			compatibilityVersion = "Xcode 13.0";
			developmentRegion = en;
			hasScannedForEncodings = 0;
			knownRegions = (
				en,
				Base,
			);
			mainGroup = 2B4620E82B072FF30042F5BD;
			productRefGroup = 2B4620F22B072FF30042F5BD /* Products */;
			projectDirPath = "";
			projectRoot = "";
			targets = (
				2B4620F02B072FF30042F5BD /* MediCounter */,
			);
		};
/* End PBXProject section */

/* Begin PBXResourcesBuildPhase section */
		2B4620EF2B072FF30042F5BD /* Resources */ = {
			isa = PBXResourcesBuildPhase;
			buildActionMask = 2147483647;
			files = (
				2B4621042B072FFD0042F5BD /* LaunchScreen.storyboard in Resources */,
				2B4621012B072FFD0042F5BD /* Assets.xcassets in Resources */,
				2B6B80E52B073B1900240B06 /* FormRegisterViewController.xib in Resources */,
				2B6B80EA2B07481F00240B06 /* Main.storyboard in Resources */,
				2B6B80DD2B07381E00240B06 /* RegisterCell.xib in Resources */,
				2B6B80D92B07376500240B06 /* RegisterViewController.xib in Resources */,
			);
			runOnlyForDeploymentPostprocessing = 0;
		};
/* End PBXResourcesBuildPhase section */

/* Begin PBXSourcesBuildPhase section */
		2B4620ED2B072FF30042F5BD /* Sources */ = {
			isa = PBXSourcesBuildPhase;
			buildActionMask = 2147483647;
			files = (
				2B6B80E42B073B1900240B06 /* FormRegisterViewController.swift in Sources */,
				2B6B80D82B07376500240B06 /* RegisterViewController.swift in Sources */,
				2B6B80DC2B07381E00240B06 /* RegisterCell.swift in Sources */,
				2B4620F52B072FF30042F5BD /* AppDelegate.swift in Sources */,
				2B6B80E92B07481F00240B06 /* TabBarController.swift in Sources */,
				2B4620F72B072FF30042F5BD /* SceneDelegate.swift in Sources */,
				2B4620FF2B072FF30042F5BD /* MediCounter.xcdatamodeld in Sources */,
			);
			runOnlyForDeploymentPostprocessing = 0;
		};
/* End PBXSourcesBuildPhase section */

/* Begin PBXVariantGroup section */
		2B4621022B072FFD0042F5BD /* LaunchScreen.storyboard */ = {
			isa = PBXVariantGroup;
			children = (
				2B4621032B072FFD0042F5BD /* Base */,
			);
			name = LaunchScreen.storyboard;
			sourceTree = "<group>";
		};
/* End PBXVariantGroup section */

/* Begin XCBuildConfiguration section */
		2B4621062B072FFD0042F5BD /* Debug */ = {
			isa = XCBuildConfiguration;
			buildSettings = {
				ALWAYS_SEARCH_USER_PATHS = NO;
				CLANG_ANALYZER_NONNULL = YES;
				CLANG_ANALYZER_NUMBER_OBJECT_CONVERSION = YES_AGGRESSIVE;
				CLANG_CXX_LANGUAGE_STANDARD = "gnu++17";
				CLANG_CXX_LIBRARY = "libc++";
				CLANG_ENABLE_MODULES = YES;
				CLANG_ENABLE_OBJC_ARC = YES;
				CLANG_ENABLE_OBJC_WEAK = YES;
				CLANG_WARN_BLOCK_CAPTURE_AUTORELEASING = YES;
				CLANG_WARN_BOOL_CONVERSION = YES;
				CLANG_WARN_COMMA = YES;
				CLANG_WARN_CONSTANT_CONVERSION = YES;
				CLANG_WARN_DEPRECATED_OBJC_IMPLEMENTATIONS = YES;
				CLANG_WARN_DIRECT_OBJC_ISA_USAGE = YES_ERROR;
				CLANG_WARN_DOCUMENTATION_COMMENTS = YES;
				CLANG_WARN_EMPTY_BODY = YES;
				CLANG_WARN_ENUM_CONVERSION = YES;
				CLANG_WARN_INFINITE_RECURSION = YES;
				CLANG_WARN_INT_CONVERSION = YES;
				CLANG_WARN_NON_LITERAL_NULL_CONVERSION = YES;
				CLANG_WARN_OBJC_IMPLICIT_RETAIN_SELF = YES;
				CLANG_WARN_OBJC_LITERAL_CONVERSION = YES;
				CLANG_WARN_OBJC_ROOT_CLASS = YES_ERROR;
				CLANG_WARN_QUOTED_INCLUDE_IN_FRAMEWORK_HEADER = YES;
				CLANG_WARN_RANGE_LOOP_ANALYSIS = YES;
				CLANG_WARN_STRICT_PROTOTYPES = YES;
				CLANG_WARN_SUSPICIOUS_MOVE = YES;
				CLANG_WARN_UNGUARDED_AVAILABILITY = YES_AGGRESSIVE;
				CLANG_WARN_UNREACHABLE_CODE = YES;
				CLANG_WARN__DUPLICATE_METHOD_MATCH = YES;
				COPY_PHASE_STRIP = NO;
				DEBUG_INFORMATION_FORMAT = dwarf;
				ENABLE_STRICT_OBJC_MSGSEND = YES;
				ENABLE_TESTABILITY = YES;
				GCC_C_LANGUAGE_STANDARD = gnu11;
				GCC_DYNAMIC_NO_PIC = NO;
				GCC_NO_COMMON_BLOCKS = YES;
				GCC_OPTIMIZATION_LEVEL = 0;
				GCC_PREPROCESSOR_DEFINITIONS = (
					"DEBUG=1",
					"$(inherited)",
				);
				GCC_WARN_64_TO_32_BIT_CONVERSION = YES;
				GCC_WARN_ABOUT_RETURN_TYPE = YES_ERROR;
				GCC_WARN_UNDECLARED_SELECTOR = YES;
				GCC_WARN_UNINITIALIZED_AUTOS = YES_AGGRESSIVE;
				GCC_WARN_UNUSED_FUNCTION = YES;
				GCC_WARN_UNUSED_VARIABLE = YES;
				IPHONEOS_DEPLOYMENT_TARGET = 15.2;
				MTL_ENABLE_DEBUG_INFO = INCLUDE_SOURCE;
				MTL_FAST_MATH = YES;
				ONLY_ACTIVE_ARCH = YES;
				SDKROOT = iphoneos;
				SWIFT_ACTIVE_COMPILATION_CONDITIONS = DEBUG;
				SWIFT_OPTIMIZATION_LEVEL = "-Onone";
			};
			name = Debug;
		};
		2B4621072B072FFD0042F5BD /* Release */ = {
			isa = XCBuildConfiguration;
			buildSettings = {
				ALWAYS_SEARCH_USER_PATHS = NO;
				CLANG_ANALYZER_NONNULL = YES;
				CLANG_ANALYZER_NUMBER_OBJECT_CONVERSION = YES_AGGRESSIVE;
				CLANG_CXX_LANGUAGE_STANDARD = "gnu++17";
				CLANG_CXX_LIBRARY = "libc++";
				CLANG_ENABLE_MODULES = YES;
				CLANG_ENABLE_OBJC_ARC = YES;
				CLANG_ENABLE_OBJC_WEAK = YES;
				CLANG_WARN_BLOCK_CAPTURE_AUTORELEASING = YES;
				CLANG_WARN_BOOL_CONVERSION = YES;
				CLANG_WARN_COMMA = YES;
				CLANG_WARN_CONSTANT_CONVERSION = YES;
				CLANG_WARN_DEPRECATED_OBJC_IMPLEMENTATIONS = YES;
				CLANG_WARN_DIRECT_OBJC_ISA_USAGE = YES_ERROR;
				CLANG_WARN_DOCUMENTATION_COMMENTS = YES;
				CLANG_WARN_EMPTY_BODY = YES;
				CLANG_WARN_ENUM_CONVERSION = YES;
				CLANG_WARN_INFINITE_RECURSION = YES;
				CLANG_WARN_INT_CONVERSION = YES;
				CLANG_WARN_NON_LITERAL_NULL_CONVERSION = YES;
				CLANG_WARN_OBJC_IMPLICIT_RETAIN_SELF = YES;
				CLANG_WARN_OBJC_LITERAL_CONVERSION = YES;
				CLANG_WARN_OBJC_ROOT_CLASS = YES_ERROR;
				CLANG_WARN_QUOTED_INCLUDE_IN_FRAMEWORK_HEADER = YES;
				CLANG_WARN_RANGE_LOOP_ANALYSIS = YES;
				CLANG_WARN_STRICT_PROTOTYPES = YES;
				CLANG_WARN_SUSPICIOUS_MOVE = YES;
				CLANG_WARN_UNGUARDED_AVAILABILITY = YES_AGGRESSIVE;
				CLANG_WARN_UNREACHABLE_CODE = YES;
				CLANG_WARN__DUPLICATE_METHOD_MATCH = YES;
				COPY_PHASE_STRIP = NO;
				DEBUG_INFORMATION_FORMAT = "dwarf-with-dsym";
				ENABLE_NS_ASSERTIONS = NO;
				ENABLE_STRICT_OBJC_MSGSEND = YES;
				GCC_C_LANGUAGE_STANDARD = gnu11;
				GCC_NO_COMMON_BLOCKS = YES;
				GCC_WARN_64_TO_32_BIT_CONVERSION = YES;
				GCC_WARN_ABOUT_RETURN_TYPE = YES_ERROR;
				GCC_WARN_UNDECLARED_SELECTOR = YES;
				GCC_WARN_UNINITIALIZED_AUTOS = YES_AGGRESSIVE;
				GCC_WARN_UNUSED_FUNCTION = YES;
				GCC_WARN_UNUSED_VARIABLE = YES;
				IPHONEOS_DEPLOYMENT_TARGET = 15.2;
				MTL_ENABLE_DEBUG_INFO = NO;
				MTL_FAST_MATH = YES;
				SDKROOT = iphoneos;
				SWIFT_COMPILATION_MODE = wholemodule;
				SWIFT_OPTIMIZATION_LEVEL = "-O";
				VALIDATE_PRODUCT = YES;
			};
			name = Release;
		};
		2B4621092B072FFD0042F5BD /* Debug */ = {
			isa = XCBuildConfiguration;
			buildSettings = {
				ASSETCATALOG_COMPILER_APPICON_NAME = AppIcon;
				ASSETCATALOG_COMPILER_GLOBAL_ACCENT_COLOR_NAME = AccentColor;
				CODE_SIGN_STYLE = Automatic;
				CURRENT_PROJECT_VERSION = 1;
				DEVELOPMENT_TEAM = 93R7Y3H365;
				GENERATE_INFOPLIST_FILE = YES;
				INFOPLIST_FILE = MediCounter/Info.plist;
				INFOPLIST_KEY_UIApplicationSupportsIndirectInputEvents = YES;
				INFOPLIST_KEY_UILaunchStoryboardName = LaunchScreen;
				INFOPLIST_KEY_UIMainStoryboardFile = Main;
				INFOPLIST_KEY_UISupportedInterfaceOrientations_iPad = "UIInterfaceOrientationPortrait UIInterfaceOrientationPortraitUpsideDown UIInterfaceOrientationLandscapeLeft UIInterfaceOrientationLandscapeRight";
				INFOPLIST_KEY_UISupportedInterfaceOrientations_iPhone = "UIInterfaceOrientationPortrait UIInterfaceOrientationLandscapeLeft UIInterfaceOrientationLandscapeRight";
				LD_RUNPATH_SEARCH_PATHS = (
					"$(inherited)",
					"@executable_path/Frameworks",
				);
				MARKETING_VERSION = 1.0;
				PRODUCT_BUNDLE_IDENTIFIER = MediCounter.MediCounter;
				PRODUCT_NAME = "$(TARGET_NAME)";
				SWIFT_EMIT_LOC_STRINGS = YES;
				SWIFT_VERSION = 5.0;
				TARGETED_DEVICE_FAMILY = "1,2";
			};
			name = Debug;
		};
		2B46210A2B072FFD0042F5BD /* Release */ = {
			isa = XCBuildConfiguration;
			buildSettings = {
				ASSETCATALOG_COMPILER_APPICON_NAME = AppIcon;
				ASSETCATALOG_COMPILER_GLOBAL_ACCENT_COLOR_NAME = AccentColor;
				CODE_SIGN_STYLE = Automatic;
				CURRENT_PROJECT_VERSION = 1;
				DEVELOPMENT_TEAM = 93R7Y3H365;
				GENERATE_INFOPLIST_FILE = YES;
				INFOPLIST_FILE = MediCounter/Info.plist;
				INFOPLIST_KEY_UIApplicationSupportsIndirectInputEvents = YES;
				INFOPLIST_KEY_UILaunchStoryboardName = LaunchScreen;
				INFOPLIST_KEY_UIMainStoryboardFile = Main;
				INFOPLIST_KEY_UISupportedInterfaceOrientations_iPad = "UIInterfaceOrientationPortrait UIInterfaceOrientationPortraitUpsideDown UIInterfaceOrientationLandscapeLeft UIInterfaceOrientationLandscapeRight";
				INFOPLIST_KEY_UISupportedInterfaceOrientations_iPhone = "UIInterfaceOrientationPortrait UIInterfaceOrientationLandscapeLeft UIInterfaceOrientationLandscapeRight";
				LD_RUNPATH_SEARCH_PATHS = (
					"$(inherited)",
					"@executable_path/Frameworks",
				);
				MARKETING_VERSION = 1.0;
				PRODUCT_BUNDLE_IDENTIFIER = MediCounter.MediCounter;
				PRODUCT_NAME = "$(TARGET_NAME)";
				SWIFT_EMIT_LOC_STRINGS = YES;
				SWIFT_VERSION = 5.0;
				TARGETED_DEVICE_FAMILY = "1,2";
			};
			name = Release;
		};
/* End XCBuildConfiguration section */

/* Begin XCConfigurationList section */
		2B4620EC2B072FF30042F5BD /* Build configuration list for PBXProject "MediCounter" */ = {
			isa = XCConfigurationList;
			buildConfigurations = (
				2B4621062B072FFD0042F5BD /* Debug */,
				2B4621072B072FFD0042F5BD /* Release */,
			);
			defaultConfigurationIsVisible = 0;
			defaultConfigurationName = Release;
		};
		2B4621082B072FFD0042F5BD /* Build configuration list for PBXNativeTarget "MediCounter" */ = {
			isa = XCConfigurationList;
			buildConfigurations = (
				2B4621092B072FFD0042F5BD /* Debug */,
				2B46210A2B072FFD0042F5BD /* Release */,
			);
			defaultConfigurationIsVisible = 0;
			defaultConfigurationName = Release;
		};
/* End XCConfigurationList section */

/* Begin XCVersionGroup section */
		2B4620FD2B072FF30042F5BD /* MediCounter.xcdatamodeld */ = {
			isa = XCVersionGroup;
			children = (
				2B4620FE2B072FF30042F5BD /* MediCounter.xcdatamodel */,
			);
			currentVersion = 2B4620FE2B072FF30042F5BD /* MediCounter.xcdatamodel */;
			path = MediCounter.xcdatamodeld;
			sourceTree = "<group>";
			versionGroupType = wrapper.xcdatamodel;
		};
/* End XCVersionGroup section */
	};
	rootObject = 2B4620E92B072FF30042F5BD /* Project object */;
}
